{
  "projects": [
    {
      "projectId": "7swpWYwy4oNKPRJvvFjiKC",
      "version": "latest",
      "dependencies": {},
      "lang": "js",
      "fileLocks": [
        {
          "type": "globalVariant",
          "assetId": "Y91HXxQ90FL18",
          "checksum": "f36c023b01849d29305f79d98f0614e4"
        },
        {
          "assetId": "7swpWYwy4oNKPRJvvFjiKC",
          "type": "projectCss",
          "checksum": "2cbc04be643f41ccb3c865382492b974"
        },
        {
          "type": "renderModule",
          "assetId": "ODZlTzHrUKEKp",
          "checksum": "b7933fc1b7628e6ca9c75cd466715a9d"
        },
        {
          "type": "cssRules",
          "assetId": "ODZlTzHrUKEKp",
          "checksum": "b7933fc1b7628e6ca9c75cd466715a9d"
        },
        {
          "type": "icon",
          "assetId": "IJL7bzZQJj",
          "checksum": "33b1ac4500106549506287d5f952b31d"
        },
        {
          "type": "icon",
          "assetId": "WBefjaPbFz",
          "checksum": "1f4e9b19a4c3b576275e564be1876a94"
        },
        {
          "type": "icon",
          "assetId": "dwu3bK9TY1",
          "checksum": "8cb13758f9c980a4b4f48d0d396e6490"
        },
        {
          "type": "icon",
          "assetId": "j4NY1BpSsU",
          "checksum": "926468d99aa6a8692b4396caee2ab8f0"
        },
        {
          "type": "icon",
          "assetId": "yt7UOo6tpLw",
          "checksum": "cb03f36f4d7ebd351d7b5d27688dbef3"
        },
        {
          "type": "icon",
          "assetId": "5NZN23OJSy3",
          "checksum": "2e6af6087aa6abfdfdfbbf35a4dcd746"
        },
        {
          "type": "icon",
          "assetId": "sHEyx-C7KhJ",
          "checksum": "f6a074d7274204f1a37b71c3e5808740"
        },
        {
          "type": "icon",
          "assetId": "T-fg_Wir9",
          "checksum": "a15eead68241770d316db002e4a07c37"
        },
        {
          "type": "icon",
          "assetId": "cZeqk0i16X",
          "checksum": "9c206f0d8194d7af002219c75e3eae50"
        },
        {
          "type": "icon",
          "assetId": "0OuSjNOYd-",
          "checksum": "2c94fdd61e277ff0d294087ed539eff1"
        },
        {
          "type": "icon",
          "assetId": "0aMMIrWg3F",
          "checksum": "a9e8ab10f7d6e7add9c60117f685ed83"
        },
        {
          "type": "icon",
          "assetId": "_95i8_2C_E",
          "checksum": "13ecb854d875dd751418d129b07fedcb"
        },
        {
          "type": "icon",
          "assetId": "J5MpnHtwj0",
          "checksum": "d9cd11382117907402972b400a2103c2"
        },
        {
          "type": "icon",
          "assetId": "xwAMOb6JBm",
          "checksum": "25bb6770d94bd8f244bc9e1a12b828c7"
        },
        {
          "type": "icon",
          "assetId": "KbpgONz-g4",
          "checksum": "a12f34a4ebbace39cdde892eb224b6a3"
        },
        {
          "type": "icon",
          "assetId": "BQDzKBIb66",
          "checksum": "9711acb3f208c3480fff7fedf50b0358"
        },
        {
          "type": "icon",
          "assetId": "XMQzNJsVAAE",
          "checksum": "128fe5efff1f331b734df92f1a229a12"
        },
        {
          "type": "icon",
          "assetId": "2DElxLF06Ez",
          "checksum": "d4434d6301a8b6f486859638d5ce1a0a"
        },
        {
          "type": "icon",
          "assetId": "YJKSGiOLSiI",
          "checksum": "05d9fee4ad489803f4dd3524b067ccff"
        },
        {
          "type": "icon",
          "assetId": "vJfuevrJ2Cl",
          "checksum": "0e1ee802ce1bd5c2794592006ac84b50"
        },
        {
          "type": "icon",
          "assetId": "tdEEehXpEDY",
          "checksum": "3b833a43171ef5df5cbdeab47a1924cc"
        },
        {
          "type": "icon",
          "assetId": "Qi0cjXahJ",
          "checksum": "a65b3560804c46b9a6925288bea1b7e5"
        },
        {
          "type": "image",
          "assetId": "5wLuISxRb",
          "checksum": "cf96a84da35a3846b9bea04c51d71021"
        },
        {
          "type": "image",
          "assetId": "5ua4ZyOEQR",
          "checksum": "100e22d33361dbd91f0e594e910ecd73"
        },
        {
          "type": "image",
          "assetId": "Io2g7A7IqV",
          "checksum": "7d313aff50b71647a4bcddc52571bddf"
        },
        {
          "type": "image",
          "assetId": "eqatCdixjG",
          "checksum": "36b51a4a152e091038de2cbdae3cf71c"
        },
        {
          "type": "image",
          "assetId": "p6YGel_X9L",
          "checksum": "ab2c464be5fb97b73ffcf038a1993f70"
        },
        {
          "type": "image",
          "assetId": "ojXh2hwO2w",
          "checksum": "58613b30e82a1b9cfb7e420b003c1b7b"
        },
        {
          "type": "image",
          "assetId": "qzsa_ppr32",
          "checksum": "1f78fbd8ba6c0bd291028d43603271a8"
        },
        {
          "type": "image",
          "assetId": "WwADT2F0YU",
          "checksum": "7456dde6f3959c25961b3ac01fe481df"
        },
        {
          "type": "image",
          "assetId": "moJvv9TTWJ",
          "checksum": "9159c172d5f3b538d871168d303de9b6"
        },
        {
          "type": "image",
          "assetId": "elcINFwWB0",
          "checksum": "3edd012ebe8d0725a2e8a8817d29a4ff"
        },
        {
          "type": "image",
          "assetId": "U55_ZWqwA9",
          "checksum": "9024aaf18384d5ef45ffdbda11d9634e"
        },
        {
          "type": "image",
          "assetId": "YN-Rf5ThTt",
          "checksum": "5507c679c33fec640d71a20c4fbc55e9"
        },
        {
          "type": "image",
          "assetId": "lMyOmIWQ8GW",
          "checksum": "bd0e125ae6fbafce5c0302ab73dd2718"
        },
        {
          "type": "image",
          "assetId": "Ck0D-kDosO",
          "checksum": "af5aa5a4e52e37c62b610f6a7507a309"
        },
        {
          "type": "image",
          "assetId": "AgsqmeqflM",
          "checksum": "dd21fb2266530457ab980f68610ab6f9"
        },
        {
          "type": "image",
          "assetId": "vBPM7_DlU2",
          "checksum": "8e3e3a99f69d7655a8e93c66bfc5b96e"
        },
        {
          "type": "image",
          "assetId": "rpqegLphbY",
          "checksum": "597fbf7442033ad26c325bf3f62705ed"
        },
        {
          "type": "image",
          "assetId": "KSOgwStsK9",
          "checksum": "97d02a74536f9eeb42104d11d9c4e03c"
        },
        {
          "type": "image",
          "assetId": "WDtlMQo-1k",
          "checksum": "dc99ffdce94900d1cb3a4460a1e7fb97"
        },
        {
          "type": "image",
          "assetId": "rC8nlH5njC",
          "checksum": "aea3493a4118d1f7060ea8b1e824e290"
        },
        {
          "type": "image",
          "assetId": "9Ym4fDkKhH-",
          "checksum": "0f0166537f82a61c7b4dc09f20a98a1b"
        },
        {
          "type": "image",
          "assetId": "oQui1bJrm5U",
          "checksum": "ddece411bfbd23c06e4e836283dda743"
        },
        {
          "type": "image",
          "assetId": "bvbtEOAbfYQ",
          "checksum": "2aefe76ebc2cd031eab807eee1a3d63c"
        },
        {
          "type": "image",
          "assetId": "XPvVcTW_lV",
          "checksum": "f6e3268bf902a8347de8a744a47eb8c7"
        },
        {
          "type": "image",
          "assetId": "emdthPLJGV",
          "checksum": "87021cdd4407826429a6aa53f11239ca"
        }
      ],
      "codegenVersion": "0.0.1"
    }
  ],
  "cliVersion": "0.1.211"
}
